{
  "name": "grangolcom",
  "version": "0.1.1",
  "lockfileVersion": 3,
  "requires": true,
  "packages": {
    "": {
      "name": "grangolcom",
      "version": "0.1.1",
      "dependencies": {
        "@next/third-parties": "^14.2.8",
        "@react-icons/all-files": "^4.1.0",
        "@vercel/analytics": "^1.3.1",
        "bulma": "^0.9.3",
        "i18next": "^23.14.0",
        "next": "^14.1.4",
        "next-i18next": "^15.3.1",
        "react": "18.2.0",
        "react-dom": "18.2.0",
        "react-i18next": "^15.0.1",
        "react-icons": "^4.2.0",
        "swr": "^1.3.0"
      },
      "devDependencies": {
        "sass": "^1.54.9"
      }
    },
    "node_modules/@babel/runtime": {
      "version": "7.25.6",
      "resolved": "https://registry.npmjs.org/@babel/runtime/-/runtime-7.25.6.tgz",
      "integrity": "sha512-VBj9MYyDb9tuLq7yzqjgzt6Q+IBQLrGZfdjOekyEirZPHxXWoTSGUTMrpsfi58Up73d13NfYLv8HT9vmznjzhQ==",
      "dependencies": {
        "regenerator-runtime": "^0.14.0"
      },
      "engines": {
        "node": ">=6.9.0"
      }
    },
    "node_modules/@next/env": {
      "version": "14.2.8",
      "resolved": "https://registry.npmjs.org/@next/env/-/env-14.2.8.tgz",
      "integrity": "sha512-L44a+ynqkolyNBnYfF8VoCiSrjSZWgEHYKkKLGcs/a80qh7AkfVUD/MduVPgdsWZ31tgROR+yJRA0PZjSVBXWQ=="
    },
    "node_modules/@next/swc-darwin-arm64": {
      "version": "14.2.8",
      "resolved": "https://registry.npmjs.org/@next/swc-darwin-arm64/-/swc-darwin-arm64-14.2.8.tgz",
      "integrity": "sha512-1VrQlG8OzdyvvGZhGJFnaNE2P10Jjy/2FopnqbY0nSa/gr8If3iINxvOEW3cmVeoAYkmW0RsBazQecA2dBFOSw==",
      "cpu": [
        "arm64"
      ],
      "optional": true,
      "os": [
        "darwin"
      ],
      "engines": {
        "node": ">= 10"
      }
    },
    "node_modules/@next/swc-darwin-x64": {
      "version": "14.2.8",
      "resolved": "https://registry.npmjs.org/@next/swc-darwin-x64/-/swc-darwin-x64-14.2.8.tgz",
      "integrity": "sha512-87t3I86rNRSOJB1gXIUzaQWWSWrkWPDyZGsR0Z7JAPtLeX3uUOW2fHxl7dNWD2BZvbvftctTQjgtfpp7nMtmWg==",
      "cpu": [
        "x64"
      ],
      "optional": true,
      "os": [
        "darwin"
      ],
      "engines": {
        "node": ">= 10"
      }
    },
    "node_modules/@next/swc-linux-arm64-gnu": {
      "version": "14.2.8",
      "resolved": "https://registry.npmjs.org/@next/swc-linux-arm64-gnu/-/swc-linux-arm64-gnu-14.2.8.tgz",
      "integrity": "sha512-ta2sfVzbOpTbgBrF9HM5m+U58dv6QPuwU4n5EX4LLyCJGKc433Z0D9h9gay/HSOjLEXJ2fJYrMP5JYYbHdxhtw==",
      "cpu": [
        "arm64"
      ],
      "optional": true,
      "os": [
        "linux"
      ],
      "engines": {
        "node": ">= 10"
      }
    },
    "node_modules/@next/swc-linux-arm64-musl": {
      "version": "14.2.8",
      "resolved": "https://registry.npmjs.org/@next/swc-linux-arm64-musl/-/swc-linux-arm64-musl-14.2.8.tgz",
      "integrity": "sha512-+IoLTPK6Z5uIgDhgeWnQF5/o5GBN7+zyUNrs4Bes1W3g9++YELb8y0unFybS8s87ntAKMDl6jeQ+mD7oNwp/Ng==",
      "cpu": [
        "arm64"
      ],
      "optional": true,
      "os": [
        "linux"
      ],
      "engines": {
        "node": ">= 10"
      }
    },
    "node_modules/@next/swc-linux-x64-gnu": {
      "version": "14.2.8",
      "resolved": "https://registry.npmjs.org/@next/swc-linux-x64-gnu/-/swc-linux-x64-gnu-14.2.8.tgz",
      "integrity": "sha512-pO+hVXC+mvzUOQJJRG4RX4wJsRJ5BkURSf6dD6EjUXAX4Ml9es1WsEfkaZ4lcpmFzFvY47IkDaffks/GdCn9ag==",
      "cpu": [
        "x64"
      ],
      "optional": true,
      "os": [
        "linux"
      ],
      "engines": {
        "node": ">= 10"
      }
    },
    "node_modules/@next/swc-linux-x64-musl": {
      "version": "14.2.8",
      "resolved": "https://registry.npmjs.org/@next/swc-linux-x64-musl/-/swc-linux-x64-musl-14.2.8.tgz",
      "integrity": "sha512-bCat9izctychCtf3uL1nqHq31N5e1VxvdyNcBQflkudPMLbxVnlrw45Vi87K+lt1CwrtVayHqzo4ie0Szcpwzg==",
      "cpu": [
        "x64"
      ],
      "optional": true,
      "os": [
        "linux"
      ],
      "engines": {
        "node": ">= 10"
      }
    },
    "node_modules/@next/swc-win32-arm64-msvc": {
      "version": "14.2.8",
      "resolved": "https://registry.npmjs.org/@next/swc-win32-arm64-msvc/-/swc-win32-arm64-msvc-14.2.8.tgz",
      "integrity": "sha512-gbxfUaSPV7EyUobpavida2Hwi62GhSJaSg7iBjmBWoxkxlmETOD7U4tWt763cGIsyE6jM7IoNavq0BXqwdW2QA==",
      "cpu": [
        "arm64"
      ],
      "optional": true,
      "os": [
        "win32"
      ],
      "engines": {
        "node": ">= 10"
      }
    },
    "node_modules/@next/swc-win32-ia32-msvc": {
      "version": "14.2.8",
      "resolved": "https://registry.npmjs.org/@next/swc-win32-ia32-msvc/-/swc-win32-ia32-msvc-14.2.8.tgz",
      "integrity": "sha512-PUXzEzjTTlUh3b5VAn1nlpwvujTnuCMMwbiCnaTazoVlN1nA3kWjlmp42IfURA2N/nyrlVEw7pURa/o4Qxj1cw==",
      "cpu": [
        "ia32"
      ],
      "optional": true,
      "os": [
        "win32"
      ],
      "engines": {
        "node": ">= 10"
      }
    },
    "node_modules/@next/swc-win32-x64-msvc": {
      "version": "14.2.8",
      "resolved": "https://registry.npmjs.org/@next/swc-win32-x64-msvc/-/swc-win32-x64-msvc-14.2.8.tgz",
      "integrity": "sha512-EnPKv0ttq02E9/1KZ/8Dn7kuutv6hy1CKc0HlNcvzOQcm4/SQtvfws5gY0zrG9tuupd3HfC2L/zcTrnBhpjTuQ==",
      "cpu": [
        "x64"
      ],
      "optional": true,
      "os": [
        "win32"
      ],
      "engines": {
        "node": ">= 10"
      }
    },
    "node_modules/@next/third-parties": {
      "version": "14.2.8",
      "resolved": "https://registry.npmjs.org/@next/third-parties/-/third-parties-14.2.8.tgz",
      "integrity": "sha512-Vus4MYsb+7B2X4Mks9aCztZwgnzTxU9sHEm1Y35z7Vw1seh43ummniD9CBk7A8dVJZf8NGpx8re6YSZLkaSQiQ==",
      "dependencies": {
        "third-party-capital": "1.0.20"
      },
      "peerDependencies": {
        "next": "^13.0.0 || ^14.0.0",
        "react": "^18.2.0"
      }
    },
    "node_modules/@react-icons/all-files": {
      "version": "4.1.0",
      "resolved": "https://registry.npmjs.org/@react-icons/all-files/-/all-files-4.1.0.tgz",
      "integrity": "sha512-hxBI2UOuVaI3O/BhQfhtb4kcGn9ft12RWAFVMUeNjqqhLsHvFtzIkFaptBJpFDANTKoDfdVoHTKZDlwKCACbMQ==",
      "peerDependencies": {
        "react": "*"
      }
    },
    "node_modules/@swc/counter": {
      "version": "0.1.3",
      "resolved": "https://registry.npmjs.org/@swc/counter/-/counter-0.1.3.tgz",
      "integrity": "sha512-e2BR4lsJkkRlKZ/qCHPw9ZaSxc0MVUd7gtbtaB7aMvHeJVYe8sOB8DBZkP2DtISHGSku9sCK6T6cnY0CtXrOCQ=="
    },
    "node_modules/@swc/helpers": {
      "version": "0.5.5",
      "resolved": "https://registry.npmjs.org/@swc/helpers/-/helpers-0.5.5.tgz",
      "integrity": "sha512-KGYxvIOXcceOAbEk4bi/dVLEK9z8sZ0uBB3Il5b1rhfClSpcX0yfRO0KmTkqR2cnQDymwLB+25ZyMzICg/cm/A==",
      "dependencies": {
        "@swc/counter": "^0.1.3",
        "tslib": "^2.4.0"
      }
    },
    "node_modules/@types/hoist-non-react-statics": {
      "version": "3.3.5",
      "resolved": "https://registry.npmjs.org/@types/hoist-non-react-statics/-/hoist-non-react-statics-3.3.5.tgz",
      "integrity": "sha512-SbcrWzkKBw2cdwRTwQAswfpB9g9LJWfjtUeW/jvNwbhC8cpmmNYVePa+ncbUe0rGTQ7G3Ff6mYUN2VMfLVr+Sg==",
      "dependencies": {
        "@types/react": "*",
        "hoist-non-react-statics": "^3.3.0"
      }
    },
    "node_modules/@types/prop-types": {
      "version": "15.7.12",
      "resolved": "https://registry.npmjs.org/@types/prop-types/-/prop-types-15.7.12.tgz",
      "integrity": "sha512-5zvhXYtRNRluoE/jAp4GVsSduVUzNWKkOZrCDBWYtE7biZywwdC2AcEzg+cSMLFRfVgeAFqpfNabiPjxFddV1Q=="
    },
    "node_modules/@types/react": {
      "version": "18.3.5",
      "resolved": "https://registry.npmjs.org/@types/react/-/react-18.3.5.tgz",
      "integrity": "sha512-WeqMfGJLGuLCqHGYRGHxnKrXcTitc6L/nBUWfWPcTarG3t9PsquqUMuVeXZeca+mglY4Vo5GZjCi0A3Or2lnxA==",
      "dependencies": {
        "@types/prop-types": "*",
        "csstype": "^3.0.2"
      }
    },
    "node_modules/@vercel/analytics": {
      "version": "1.3.1",
      "resolved": "https://registry.npmjs.org/@vercel/analytics/-/analytics-1.3.1.tgz",
      "integrity": "sha512-xhSlYgAuJ6Q4WQGkzYTLmXwhYl39sWjoMA3nHxfkvG+WdBT25c563a7QhwwKivEOZtPJXifYHR1m2ihoisbWyA==",
      "dependencies": {
        "server-only": "^0.0.1"
      },
      "peerDependencies": {
        "next": ">= 13",
        "react": "^18 || ^19"
      },
      "peerDependenciesMeta": {
        "next": {
          "optional": true
        },
        "react": {
          "optional": true
        }
      }
    },
    "node_modules/anymatch": {
      "version": "3.1.3",
      "resolved": "https://registry.npmjs.org/anymatch/-/anymatch-3.1.3.tgz",
      "integrity": "sha512-KMReFUr0B4t+D+OBkjR3KYqvocp2XaSzO55UcB6mgQMd3KbcE+mWTyvVV7D/zsdEbNnV6acZUutkiHQXvTr1Rw==",
      "devOptional": true,
      "dependencies": {
        "normalize-path": "^3.0.0",
        "picomatch": "^2.0.4"
      },
      "engines": {
        "node": ">= 8"
      }
    },
    "node_modules/binary-extensions": {
      "version": "2.3.0",
      "resolved": "https://registry.npmjs.org/binary-extensions/-/binary-extensions-2.3.0.tgz",
      "integrity": "sha512-Ceh+7ox5qe7LJuLHoY0feh3pHuUDHAcRUeyL2VYghZwfpkNIy/+8Ocg0a3UuSoYzavmylwuLWQOf3hl0jjMMIw==",
      "devOptional": true,
      "engines": {
        "node": ">=8"
      },
      "funding": {
        "url": "https://github.com/sponsors/sindresorhus"
      }
    },
    "node_modules/braces": {
      "version": "3.0.3",
      "resolved": "https://registry.npmjs.org/braces/-/braces-3.0.3.tgz",
      "integrity": "sha512-yQbXgO/OSZVD2IsiLlro+7Hf6Q18EJrKSEsdoMzKePKXct3gvD8oLcOQdIzGupr5Fj+EDe8gO/lxc1BzfMpxvA==",
      "devOptional": true,
      "dependencies": {
        "fill-range": "^7.1.1"
      },
      "engines": {
        "node": ">=8"
      }
    },
    "node_modules/bulma": {
      "version": "0.9.4",
      "resolved": "https://registry.npmjs.org/bulma/-/bulma-0.9.4.tgz",
      "integrity": "sha512-86FlT5+1GrsgKbPLRRY7cGDg8fsJiP/jzTqXXVqiUZZ2aZT8uemEOHlU1CDU+TxklPEZ11HZNNWclRBBecP4CQ=="
    },
    "node_modules/busboy": {
      "version": "1.6.0",
      "resolved": "https://registry.npmjs.org/busboy/-/busboy-1.6.0.tgz",
      "integrity": "sha512-8SFQbg/0hQ9xy3UNTB0YEnsNBbWfhf7RtnzpL7TkBiTBRfrQ9Fxcnz7VJsleJpyp6rVLvXiuORqjlHi5q+PYuA==",
      "dependencies": {
        "streamsearch": "^1.1.0"
      },
      "engines": {
        "node": ">=10.16.0"
      }
    },
    "node_modules/caniuse-lite": {
      "version": "1.0.30001658",
      "resolved": "https://registry.npmjs.org/caniuse-lite/-/caniuse-lite-1.0.30001658.tgz",
      "integrity": "sha512-N2YVqWbJELVdrnsW5p+apoQyYt51aBMSsBZki1XZEfeBCexcM/sf4xiAHcXQBkuOwJBXtWF7aW1sYX6tKebPHw==",
      "funding": [
        {
          "type": "opencollective",
          "url": "https://opencollective.com/browserslist"
        },
        {
          "type": "tidelift",
          "url": "https://tidelift.com/funding/github/npm/caniuse-lite"
        },
        {
          "type": "github",
          "url": "https://github.com/sponsors/ai"
        }
      ]
    },
    "node_modules/chokidar": {
      "version": "3.6.0",
      "resolved": "https://registry.npmjs.org/chokidar/-/chokidar-3.6.0.tgz",
      "integrity": "sha512-7VT13fmjotKpGipCW9JEQAusEPE+Ei8nl6/g4FBAmIm0GOOLMua9NDDo/DWp0ZAxCr3cPq5ZpBqmPAQgDda2Pw==",
      "devOptional": true,
      "dependencies": {
        "anymatch": "~3.1.2",
        "braces": "~3.0.2",
        "glob-parent": "~5.1.2",
        "is-binary-path": "~2.1.0",
        "is-glob": "~4.0.1",
        "normalize-path": "~3.0.0",
        "readdirp": "~3.6.0"
      },
      "engines": {
        "node": ">= 8.10.0"
      },
      "funding": {
        "url": "https://paulmillr.com/funding/"
      },
      "optionalDependencies": {
        "fsevents": "~2.3.2"
      }
    },
    "node_modules/client-only": {
      "version": "0.0.1",
      "resolved": "https://registry.npmjs.org/client-only/-/client-only-0.0.1.tgz",
      "integrity": "sha512-IV3Ou0jSMzZrd3pZ48nLkT9DA7Ag1pnPzaiQhpW7c3RbcqqzvzzVu+L8gfqMp/8IM2MQtSiqaCxrrcfu8I8rMA=="
    },
    "node_modules/core-js": {
      "version": "3.38.1",
      "resolved": "https://registry.npmjs.org/core-js/-/core-js-3.38.1.tgz",
      "integrity": "sha512-OP35aUorbU3Zvlx7pjsFdu1rGNnD4pgw/CWoYzRY3t2EzoVT7shKHY1dlAy3f41cGIO7ZDPQimhGFTlEYkG/Hw==",
      "hasInstallScript": true,
      "funding": {
        "type": "opencollective",
        "url": "https://opencollective.com/core-js"
      }
    },
    "node_modules/csstype": {
      "version": "3.1.3",
      "resolved": "https://registry.npmjs.org/csstype/-/csstype-3.1.3.tgz",
      "integrity": "sha512-M1uQkMl8rQK/szD0LNhtqxIPLpimGm8sOBwU7lLnCpSbTyY3yeU1Vc7l4KT5zT4s/yOxHH5O7tIuuLOCnLADRw=="
    },
    "node_modules/fill-range": {
      "version": "7.1.1",
      "resolved": "https://registry.npmjs.org/fill-range/-/fill-range-7.1.1.tgz",
      "integrity": "sha512-YsGpe3WHLK8ZYi4tWDg2Jy3ebRz2rXowDxnld4bkQB00cc/1Zw9AWnC0i9ztDJitivtQvaI9KaLyKrc+hBW0yg==",
      "devOptional": true,
      "dependencies": {
        "to-regex-range": "^5.0.1"
      },
      "engines": {
        "node": ">=8"
      }
    },
    "node_modules/fsevents": {
      "version": "2.3.3",
      "resolved": "https://registry.npmjs.org/fsevents/-/fsevents-2.3.3.tgz",
      "integrity": "sha512-5xoDfX+fL7faATnagmWPpbFtwh/R77WmMMqqHGS65C3vvB0YHrgF+B1YmZ3441tMj5n63k0212XNoJwzlhffQw==",
      "dev": true,
      "hasInstallScript": true,
      "optional": true,
      "os": [
        "darwin"
      ],
      "engines": {
        "node": "^8.16.0 || ^10.6.0 || >=11.0.0"
      }
    },
    "node_modules/glob-parent": {
      "version": "5.1.2",
      "resolved": "https://registry.npmjs.org/glob-parent/-/glob-parent-5.1.2.tgz",
      "integrity": "sha512-AOIgSQCepiJYwP3ARnGx+5VnTu2HBYdzbGP45eLw1vr3zB3vZLeyed1sC9hnbcOc9/SrMyM5RPQrkGz4aS9Zow==",
      "devOptional": true,
      "dependencies": {
        "is-glob": "^4.0.1"
      },
      "engines": {
        "node": ">= 6"
      }
    },
    "node_modules/graceful-fs": {
      "version": "4.2.11",
      "resolved": "https://registry.npmjs.org/graceful-fs/-/graceful-fs-4.2.11.tgz",
      "integrity": "sha512-RbJ5/jmFcNNCcDV5o9eTnBLJ/HszWV0P73bc+Ff4nS/rJj+YaS6IGyiOL0VoBYX+l1Wrl3k63h/KrH+nhJ0XvQ=="
    },
    "node_modules/hoist-non-react-statics": {
      "version": "3.3.2",
      "resolved": "https://registry.npmjs.org/hoist-non-react-statics/-/hoist-non-react-statics-3.3.2.tgz",
      "integrity": "sha512-/gGivxi8JPKWNm/W0jSmzcMPpfpPLc3dY/6GxhX2hQ9iGj3aDfklV4ET7NjKpSinLpJ5vafa9iiGIEZg10SfBw==",
      "dependencies": {
        "react-is": "^16.7.0"
      }
    },
    "node_modules/html-parse-stringify": {
      "version": "3.0.1",
      "resolved": "https://registry.npmjs.org/html-parse-stringify/-/html-parse-stringify-3.0.1.tgz",
      "integrity": "sha512-KknJ50kTInJ7qIScF3jeaFRpMpE8/lfiTdzf/twXyPBLAGrLRTmkz3AdTnKeh40X8k9L2fdYwEp/42WGXIRGcg==",
      "dependencies": {
        "void-elements": "3.1.0"
      }
    },
    "node_modules/i18next": {
      "version": "23.14.0",
      "resolved": "https://registry.npmjs.org/i18next/-/i18next-23.14.0.tgz",
      "integrity": "sha512-Y5GL4OdA8IU2geRrt2+Uc1iIhsjICdHZzT9tNwQ3TVqdNzgxHToGCKf/TPRP80vTCAP6svg2WbbJL+Gx5MFQVA==",
      "funding": [
        {
          "type": "individual",
          "url": "https://locize.com"
        },
        {
          "type": "individual",
          "url": "https://locize.com/i18next.html"
        },
        {
          "type": "individual",
          "url": "https://www.i18next.com/how-to/faq#i18next-is-awesome.-how-can-i-support-the-project"
        }
      ],
      "dependencies": {
        "@babel/runtime": "^7.23.2"
      }
    },
    "node_modules/i18next-fs-backend": {
      "version": "2.3.2",
      "resolved": "https://registry.npmjs.org/i18next-fs-backend/-/i18next-fs-backend-2.3.2.tgz",
      "integrity": "sha512-LIwUlkqDZnUI8lnUxBnEj8K/FrHQTT/Sc+1rvDm9E8YvvY5YxzoEAASNx+W5M9DfD5s77lI5vSAFWeTp26B/3Q=="
    },
    "node_modules/immutable": {
      "version": "4.3.7",
      "resolved": "https://registry.npmjs.org/immutable/-/immutable-4.3.7.tgz",
      "integrity": "sha512-1hqclzwYwjRDFLjcFxOM5AYkkG0rpFPpr1RLPMEuGczoS7YA8gLhy8SWXYRAA/XwfEHpfo3cw5JGioS32fnMRw==",
      "devOptional": true
    },
    "node_modules/is-binary-path": {
      "version": "2.1.0",
      "resolved": "https://registry.npmjs.org/is-binary-path/-/is-binary-path-2.1.0.tgz",
      "integrity": "sha512-ZMERYes6pDydyuGidse7OsHxtbI7WVeUEozgR/g7rd0xUimYNlvZRE/K2MgZTjWy725IfelLeVcEM97mmtRGXw==",
      "devOptional": true,
      "dependencies": {
        "binary-extensions": "^2.0.0"
      },
      "engines": {
        "node": ">=8"
      }
    },
    "node_modules/is-extglob": {
      "version": "2.1.1",
      "resolved": "https://registry.npmjs.org/is-extglob/-/is-extglob-2.1.1.tgz",
      "integrity": "sha512-SbKbANkN603Vi4jEZv49LeVJMn4yGwsbzZworEoyEiutsN3nJYdbO36zfhGJ6QEDpOZIFkDtnq5JRxmvl3jsoQ==",
      "devOptional": true,
      "engines": {
        "node": ">=0.10.0"
      }
    },
    "node_modules/is-glob": {
      "version": "4.0.3",
      "resolved": "https://registry.npmjs.org/is-glob/-/is-glob-4.0.3.tgz",
      "integrity": "sha512-xelSayHH36ZgE7ZWhli7pW34hNbNl8Ojv5KVmkJD4hBdD3th8Tfk9vYasLM+mXWOZhFkgZfxhLSnrwRr4elSSg==",
      "devOptional": true,
      "dependencies": {
        "is-extglob": "^2.1.1"
      },
      "engines": {
        "node": ">=0.10.0"
      }
    },
    "node_modules/is-number": {
      "version": "7.0.0",
      "resolved": "https://registry.npmjs.org/is-number/-/is-number-7.0.0.tgz",
      "integrity": "sha512-41Cifkg6e8TylSpdtTpeLVMqvSBEVzTttHvERD741+pnZ8ANv0004MRL43QKPDlK9cGvNp6NZWZUBlbGXYxxng==",
      "devOptional": true,
      "engines": {
        "node": ">=0.12.0"
      }
    },
    "node_modules/js-tokens": {
      "version": "4.0.0",
      "resolved": "https://registry.npmjs.org/js-tokens/-/js-tokens-4.0.0.tgz",
      "integrity": "sha512-RdJUflcE3cUzKiMqQgsCu06FPu9UdIJO0beYbPhHN4k6apgJtifcoCtT9bcxOpYBtpD2kCM6Sbzg4CausW/PKQ=="
    },
    "node_modules/loose-envify": {
      "version": "1.4.0",
      "resolved": "https://registry.npmjs.org/loose-envify/-/loose-envify-1.4.0.tgz",
      "integrity": "sha512-lyuxPGr/Wfhrlem2CL/UcnUc1zcqKAImBDzukY7Y5F/yQiNdko6+fRLevlw1HgMySw7f611UIY408EtxRSoK3Q==",
      "dependencies": {
        "js-tokens": "^3.0.0 || ^4.0.0"
      },
      "bin": {
        "loose-envify": "cli.js"
      }
    },
    "node_modules/nanoid": {
      "version": "3.3.7",
      "resolved": "https://registry.npmjs.org/nanoid/-/nanoid-3.3.7.tgz",
      "integrity": "sha512-eSRppjcPIatRIMC1U6UngP8XFcz8MQWGQdt1MTBQ7NaAmvXDfvNxbvWV3x2y6CdEUciCSsDHDQZbhYaB8QEo2g==",
      "funding": [
        {
          "type": "github",
          "url": "https://github.com/sponsors/ai"
        }
      ],
      "bin": {
        "nanoid": "bin/nanoid.cjs"
      },
      "engines": {
        "node": "^10 || ^12 || ^13.7 || ^14 || >=15.0.1"
      }
    },
    "node_modules/next": {
      "version": "14.2.8",
      "resolved": "https://registry.npmjs.org/next/-/next-14.2.8.tgz",
      "integrity": "sha512-EyEyJZ89r8C5FPlS/401AiF3O8jeMtHIE+bLom9MwcdWJJFBgRl+MR/2VgO0v5bI6tQORNY0a0DR5sjpFNrjbg==",
      "dependencies": {
        "@next/env": "14.2.8",
        "@swc/helpers": "0.5.5",
        "busboy": "1.6.0",
        "caniuse-lite": "^1.0.30001579",
        "graceful-fs": "^4.2.11",
        "postcss": "8.4.31",
        "styled-jsx": "5.1.1"
      },
      "bin": {
        "next": "dist/bin/next"
      },
      "engines": {
        "node": ">=18.17.0"
      },
      "optionalDependencies": {
        "@next/swc-darwin-arm64": "14.2.8",
        "@next/swc-darwin-x64": "14.2.8",
        "@next/swc-linux-arm64-gnu": "14.2.8",
        "@next/swc-linux-arm64-musl": "14.2.8",
        "@next/swc-linux-x64-gnu": "14.2.8",
        "@next/swc-linux-x64-musl": "14.2.8",
        "@next/swc-win32-arm64-msvc": "14.2.8",
        "@next/swc-win32-ia32-msvc": "14.2.8",
        "@next/swc-win32-x64-msvc": "14.2.8"
      },
      "peerDependencies": {
        "@opentelemetry/api": "^1.1.0",
        "@playwright/test": "^1.41.2",
        "react": "^18.2.0",
        "react-dom": "^18.2.0",
        "sass": "^1.3.0"
      },
      "peerDependenciesMeta": {
        "@opentelemetry/api": {
          "optional": true
        },
        "@playwright/test": {
          "optional": true
        },
        "sass": {
          "optional": true
        }
      }
    },
    "node_modules/next-i18next": {
      "version": "15.3.1",
      "resolved": "https://registry.npmjs.org/next-i18next/-/next-i18next-15.3.1.tgz",
      "integrity": "sha512-+pa2pZJb7B6k5PKW3TLVMmAodqkNaOBWVYlpWX56mgcEJz0UMW+MKSdKM9Z72CHp6Bp48g7OWwDnLqxXNp/84w==",
      "funding": [
        {
          "type": "individual",
          "url": "https://locize.com/i18next.html"
        },
        {
          "type": "individual",
          "url": "https://www.i18next.com/how-to/faq#i18next-is-awesome.-how-can-i-support-the-project"
        },
        {
          "type": "individual",
          "url": "https://locize.com"
        }
      ],
      "dependencies": {
        "@babel/runtime": "^7.23.2",
        "@types/hoist-non-react-statics": "^3.3.4",
        "core-js": "^3",
        "hoist-non-react-statics": "^3.3.2",
        "i18next-fs-backend": "^2.3.2"
      },
      "engines": {
        "node": ">=14"
      },
      "peerDependencies": {
        "i18next": ">= 23.7.13",
        "next": ">= 12.0.0",
        "react": ">= 17.0.2",
        "react-i18next": ">= 13.5.0"
      }
    },
    "node_modules/normalize-path": {
      "version": "3.0.0",
      "resolved": "https://registry.npmjs.org/normalize-path/-/normalize-path-3.0.0.tgz",
      "integrity": "sha512-6eZs5Ls3WtCisHWp9S2GUy8dqkpGi4BVSz3GaqiE6ezub0512ESztXUwUB6C6IKbQkY2Pnb/mD4WYojCRwcwLA==",
      "devOptional": true,
      "engines": {
        "node": ">=0.10.0"
      }
    },
    "node_modules/picocolors": {
      "version": "1.1.0",
      "resolved": "https://registry.npmjs.org/picocolors/-/picocolors-1.1.0.tgz",
      "integrity": "sha512-TQ92mBOW0l3LeMeyLV6mzy/kWr8lkd/hp3mTg7wYK7zJhuBStmGMBG0BdeDZS/dZx1IukaX6Bk11zcln25o1Aw=="
    },
    "node_modules/picomatch": {
      "version": "2.3.1",
      "resolved": "https://registry.npmjs.org/picomatch/-/picomatch-2.3.1.tgz",
      "integrity": "sha512-JU3teHTNjmE2VCGFzuY8EXzCDVwEqB2a8fsIvwaStHhAWJEeVd1o1QD80CU6+ZdEXXSLbSsuLwJjkCBWqRQUVA==",
      "devOptional": true,
      "engines": {
        "node": ">=8.6"
      },
      "funding": {
        "url": "https://github.com/sponsors/jonschlinkert"
      }
    },
    "node_modules/postcss": {
      "version": "8.4.31",
      "resolved": "https://registry.npmjs.org/postcss/-/postcss-8.4.31.tgz",
      "integrity": "sha512-PS08Iboia9mts/2ygV3eLpY5ghnUcfLV/EXTOW1E2qYxJKGGBUtNjN76FYHnMs36RmARn41bC0AZmn+rR0OVpQ==",
      "funding": [
        {
          "type": "opencollective",
          "url": "https://opencollective.com/postcss/"
        },
        {
          "type": "tidelift",
          "url": "https://tidelift.com/funding/github/npm/postcss"
        },
        {
          "type": "github",
          "url": "https://github.com/sponsors/ai"
        }
      ],
      "dependencies": {
        "nanoid": "^3.3.6",
        "picocolors": "^1.0.0",
        "source-map-js": "^1.0.2"
      },
      "engines": {
        "node": "^10 || ^12 || >=14"
      }
    },
    "node_modules/react": {
      "version": "18.2.0",
      "resolved": "https://registry.npmjs.org/react/-/react-18.2.0.tgz",
      "integrity": "sha512-/3IjMdb2L9QbBdWiW5e3P2/npwMBaU9mHCSCUzNln0ZCYbcfTsGbTJrU/kGemdH2IWmB2ioZ+zkxtmq6g09fGQ==",
      "dependencies": {
        "loose-envify": "^1.1.0"
      },
      "engines": {
        "node": ">=0.10.0"
      }
    },
    "node_modules/react-dom": {
      "version": "18.2.0",
      "resolved": "https://registry.npmjs.org/react-dom/-/react-dom-18.2.0.tgz",
      "integrity": "sha512-6IMTriUmvsjHUjNtEDudZfuDQUoWXVxKHhlEGSk81n4YFS+r/Kl99wXiwlVXtPBtJenozv2P+hxDsw9eA7Xo6g==",
      "dependencies": {
        "loose-envify": "^1.1.0",
        "scheduler": "^0.23.0"
      },
      "peerDependencies": {
        "react": "^18.2.0"
      }
    },
    "node_modules/react-i18next": {
      "version": "15.0.1",
      "resolved": "https://registry.npmjs.org/react-i18next/-/react-i18next-15.0.1.tgz",
      "integrity": "sha512-NwxLqNM6CLbeGA9xPsjits0EnXdKgCRSS6cgkgOdNcPXqL+1fYNl8fBg1wmnnHvFy812Bt4IWTPE9zjoPmFj3w==",
      "dependencies": {
        "@babel/runtime": "^7.24.8",
        "html-parse-stringify": "^3.0.1"
      },
      "peerDependencies": {
        "i18next": ">= 23.2.3",
        "react": ">= 16.8.0"
      },
      "peerDependenciesMeta": {
        "react-dom": {
          "optional": true
        },
        "react-native": {
          "optional": true
        }
      }
    },
    "node_modules/react-icons": {
      "version": "4.12.0",
      "resolved": "https://registry.npmjs.org/react-icons/-/react-icons-4.12.0.tgz",
      "integrity": "sha512-IBaDuHiShdZqmfc/TwHu6+d6k2ltNCf3AszxNmjJc1KUfXdEeRJOKyNvLmAHaarhzGmTSVygNdyu8/opXv2gaw==",
      "peerDependencies": {
        "react": "*"
      }
    },
    "node_modules/react-is": {
      "version": "16.13.1",
      "resolved": "https://registry.npmjs.org/react-is/-/react-is-16.13.1.tgz",
      "integrity": "sha512-24e6ynE2H+OKt4kqsOvNd8kBpV65zoxbA4BVsEOB3ARVWQki/DHzaUoC5KuON/BiccDaCCTZBuOcfZs70kR8bQ=="
    },
    "node_modules/readdirp": {
      "version": "3.6.0",
      "resolved": "https://registry.npmjs.org/readdirp/-/readdirp-3.6.0.tgz",
      "integrity": "sha512-hOS089on8RduqdbhvQ5Z37A0ESjsqz6qnRcffsMU3495FuTdqSm+7bhJ29JvIOsBDEEnan5DPu9t3To9VRlMzA==",
      "devOptional": true,
      "dependencies": {
        "picomatch": "^2.2.1"
      },
      "engines": {
        "node": ">=8.10.0"
      }
    },
    "node_modules/regenerator-runtime": {
      "version": "0.14.1",
      "resolved": "https://registry.npmjs.org/regenerator-runtime/-/regenerator-runtime-0.14.1.tgz",
      "integrity": "sha512-dYnhHh0nJoMfnkZs6GmmhFknAGRrLznOu5nc9ML+EJxGvrx6H7teuevqVqCuPcPK//3eDrrjQhehXVx9cnkGdw=="
    },
    "node_modules/sass": {
      "version": "1.78.0",
      "resolved": "https://registry.npmjs.org/sass/-/sass-1.78.0.tgz",
      "integrity": "sha512-AaIqGSrjo5lA2Yg7RvFZrlXDBCp3nV4XP73GrLGvdRWWwk+8H3l0SDvq/5bA4eF+0RFPLuWUk3E+P1U/YqnpsQ==",
      "devOptional": true,
      "dependencies": {
        "chokidar": ">=3.0.0 <4.0.0",
        "immutable": "^4.0.0",
        "source-map-js": ">=0.6.2 <2.0.0"
      },
      "bin": {
        "sass": "sass.js"
      },
      "engines": {
        "node": ">=14.0.0"
      }
    },
    "node_modules/scheduler": {
      "version": "0.23.2",
      "resolved": "https://registry.npmjs.org/scheduler/-/scheduler-0.23.2.tgz",
      "integrity": "sha512-UOShsPwz7NrMUqhR6t0hWjFduvOzbtv7toDH1/hIrfRNIDBnnBWd0CwJTGvTpngVlmwGCdP9/Zl/tVrDqcuYzQ==",
      "dependencies": {
        "loose-envify": "^1.1.0"
      }
    },
    "node_modules/server-only": {
      "version": "0.0.1",
      "resolved": "https://registry.npmjs.org/server-only/-/server-only-0.0.1.tgz",
      "integrity": "sha512-qepMx2JxAa5jjfzxG79yPPq+8BuFToHd1hm7kI+Z4zAq1ftQiP7HcxMhDDItrbtwVeLg/cY2JnKnrcFkmiswNA=="
    },
    "node_modules/source-map-js": {
      "version": "1.2.0",
      "resolved": "https://registry.npmjs.org/source-map-js/-/source-map-js-1.2.0.tgz",
      "integrity": "sha512-itJW8lvSA0TXEphiRoawsCksnlf8SyvmFzIhltqAHluXd88pkCd+cXJVHTDwdCr0IzwptSm035IHQktUu1QUMg==",
      "engines": {
        "node": ">=0.10.0"
      }
    },
    "node_modules/streamsearch": {
      "version": "1.1.0",
      "resolved": "https://registry.npmjs.org/streamsearch/-/streamsearch-1.1.0.tgz",
      "integrity": "sha512-Mcc5wHehp9aXz1ax6bZUyY5afg9u2rv5cqQI3mRrYkGC8rW2hM02jWuwjtL++LS5qinSyhj2QfLyNsuc+VsExg==",
      "engines": {
        "node": ">=10.0.0"
      }
    },
    "node_modules/styled-jsx": {
      "version": "5.1.1",
      "resolved": "https://registry.npmjs.org/styled-jsx/-/styled-jsx-5.1.1.tgz",
      "integrity": "sha512-pW7uC1l4mBZ8ugbiZrcIsiIvVx1UmTfw7UkC3Um2tmfUq9Bhk8IiyEIPl6F8agHgjzku6j0xQEZbfA5uSgSaCw==",
      "dependencies": {
        "client-only": "0.0.1"
      },
      "engines": {
        "node": ">= 12.0.0"
      },
      "peerDependencies": {
        "react": ">= 16.8.0 || 17.x.x || ^18.0.0-0"
      },
      "peerDependenciesMeta": {
        "@babel/core": {
          "optional": true
        },
        "babel-plugin-macros": {
          "optional": true
        }
      }
    },
    "node_modules/swr": {
      "version": "1.3.0",
      "resolved": "https://registry.npmjs.org/swr/-/swr-1.3.0.tgz",
      "integrity": "sha512-dkghQrOl2ORX9HYrMDtPa7LTVHJjCTeZoB1dqTbnnEDlSvN8JEKpYIYurDfvbQFUUS8Cg8PceFVZNkW0KNNYPw==",
      "peerDependencies": {
        "react": "^16.11.0 || ^17.0.0 || ^18.0.0"
      }
    },
    "node_modules/third-party-capital": {
      "version": "1.0.20",
      "resolved": "https://registry.npmjs.org/third-party-capital/-/third-party-capital-1.0.20.tgz",
      "integrity": "sha512-oB7yIimd8SuGptespDAZnNkzIz+NWaJCu2RMsbs4Wmp9zSDUM8Nhi3s2OOcqYuv3mN4hitXc8DVx+LyUmbUDiA=="
    },
    "node_modules/to-regex-range": {
      "version": "5.0.1",
      "resolved": "https://registry.npmjs.org/to-regex-range/-/to-regex-range-5.0.1.tgz",
      "integrity": "sha512-65P7iz6X5yEr1cwcgvQxbbIw7Uk3gOy5dIdtZ4rDveLqhrdJP+Li/Hx6tyK0NEb+2GCyneCMJiGqrADCSNk8sQ==",
      "devOptional": true,
      "dependencies": {
        "is-number": "^7.0.0"
      },
      "engines": {
        "node": ">=8.0"
      }
    },
    "node_modules/tslib": {
      "version": "2.7.0",
      "resolved": "https://registry.npmjs.org/tslib/-/tslib-2.7.0.tgz",
      "integrity": "sha512-gLXCKdN1/j47AiHiOkJN69hJmcbGTHI0ImLmbYLHykhgeN0jVGola9yVjFgzCUklsZQMW55o+dW7IXv3RCXDzA=="
    },
    "node_modules/void-elements": {
      "version": "3.1.0",
      "resolved": "https://registry.npmjs.org/void-elements/-/void-elements-3.1.0.tgz",
      "integrity": "sha512-Dhxzh5HZuiHQhbvTW9AMetFfBHDMYpo23Uo9btPXgdYP+3T5S+p+jgNy7spra+veYhBP2dCSgxR/i2Y02h5/6w==",
      "engines": {
        "node": ">=0.10.0"
      }
    }
  }
}
